
Microsoft Visual Studio Solution File, Format Version 12.00
# Visual Studio 2012
Project("{FAE04EC0-301F-11D3-BF4B-00C04F79EFBC}") = "Maussoft.Mvc.ViewGen", "Maussoft.Mvc.ViewGen\Maussoft.Mvc.ViewGen.csproj", "{ACFAFA97-FCDA-46C2-A2BB-377D71B40E2F}"
EndProject
Project("{FAE04EC0-301F-11D3-BF4B-00C04F79EFBC}") = "Maussoft.Mvc", "Maussoft.Mvc\Maussoft.Mvc.csproj", "{E086D184-6B9E-44F7-9B8E-00598C82A107}"
EndProject
Project("{F184B08F-C81C-45F6-A57F-5ABD9991F28F}") = "Maussoft.Mvc.VbTest", "Maussoft.Mvc.VbTest\Maussoft.Mvc.VbTest.vbproj", "{656BB647-327A-42EA-80BB-EFBAF6F78D50}"
EndProject
Project("{FAE04EC0-301F-11D3-BF4B-00C04F79EFBC}") = "Maussoft.Mvc.CsTest", "Maussoft.Mvc.CsTest\Maussoft.Mvc.CsTest.csproj", "{97D13B95-DA83-4C3D-9D7D-6A268A2E2253}"
EndProject
Global
	GlobalSection(SolutionConfigurationPlatforms) = preSolution
		Debug|x86 = Debug|x86
		Release|x86 = Release|x86
	EndGlobalSection
	GlobalSection(ProjectConfigurationPlatforms) = postSolution
		{656BB647-327A-42EA-80BB-EFBAF6F78D50}.Debug|x86.ActiveCfg = Debug|x86
		{656BB647-327A-42EA-80BB-EFBAF6F78D50}.Debug|x86.Build.0 = Debug|x86
		{656BB647-327A-42EA-80BB-EFBAF6F78D50}.Release|x86.ActiveCfg = Release|x86
		{656BB647-327A-42EA-80BB-EFBAF6F78D50}.Release|x86.Build.0 = Release|x86
		{97D13B95-DA83-4C3D-9D7D-6A268A2E2253}.Debug|x86.ActiveCfg = Debug|x86
		{97D13B95-DA83-4C3D-9D7D-6A268A2E2253}.Debug|x86.Build.0 = Debug|x86
		{97D13B95-DA83-4C3D-9D7D-6A268A2E2253}.Release|x86.ActiveCfg = Release|x86
		{97D13B95-DA83-4C3D-9D7D-6A268A2E2253}.Release|x86.Build.0 = Release|x86
		{ACFAFA97-FCDA-46C2-A2BB-377D71B40E2F}.Debug|x86.ActiveCfg = Debug|x86
		{ACFAFA97-FCDA-46C2-A2BB-377D71B40E2F}.Debug|x86.Build.0 = Debug|x86
		{ACFAFA97-FCDA-46C2-A2BB-377D71B40E2F}.Release|x86.ActiveCfg = Release|x86
		{ACFAFA97-FCDA-46C2-A2BB-377D71B40E2F}.Release|x86.Build.0 = Release|x86
		{E086D184-6B9E-44F7-9B8E-00598C82A107}.Debug|x86.ActiveCfg = Debug|x86
		{E086D184-6B9E-44F7-9B8E-00598C82A107}.Debug|x86.Build.0 = Debug|x86
		{E086D184-6B9E-44F7-9B8E-00598C82A107}.Release|x86.ActiveCfg = Release|x86
		{E086D184-6B9E-44F7-9B8E-00598C82A107}.Release|x86.Build.0 = Release|x86
	EndGlobalSection
EndGlobal
